
Microsoft Visual Studio Solution File, Format Version 12.00
# Visual Studio Version 16
VisualStudioVersion = 16.0.31729.503
MinimumVisualStudioVersion = 10.0.40219.1
Project("{9A19103F-16F7-4668-BE54-9A1E7A4F7556}") = "XF1-Backend", "XF1-Backend.csproj", "{6A244E6C-57A2-46C7-84D1-5EE018ED725A}"
EndProject
Project("{FAE04EC0-301F-11D3-BF4B-00C04F79EFBC}") = "XF1-Backend-Tests", "..\XF1-Backend-Tests\XF1-Backend-Tests.csproj", "{732377EA-09E9-469D-85A4-2F5335CEAD67}"
EndProject
Global
	GlobalSection(SolutionConfigurationPlatforms) = preSolution
		Debug|Any CPU = Debug|Any CPU
		Release|Any CPU = Release|Any CPU
	EndGlobalSection
	GlobalSection(ProjectConfigurationPlatforms) = postSolution
		{6A244E6C-57A2-46C7-84D1-5EE018ED725A}.Debug|Any CPU.ActiveCfg = Debug|Any CPU
		{6A244E6C-57A2-46C7-84D1-5EE018ED725A}.Debug|Any CPU.Build.0 = Debug|Any CPU
		{6A244E6C-57A2-46C7-84D1-5EE018ED725A}.Release|Any CPU.ActiveCfg = Release|Any CPU
		{6A244E6C-57A2-46C7-84D1-5EE018ED725A}.Release|Any CPU.Build.0 = Release|Any CPU
		{732377EA-09E9-469D-85A4-2F5335CEAD67}.Debug|Any CPU.ActiveCfg = Debug|Any CPU
		{732377EA-09E9-469D-85A4-2F5335CEAD67}.Debug|Any CPU.Build.0 = Debug|Any CPU
		{732377EA-09E9-469D-85A4-2F5335CEAD67}.Release|Any CPU.ActiveCfg = Release|Any CPU
		{732377EA-09E9-469D-85A4-2F5335CEAD67}.Release|Any CPU.Build.0 = Release|Any CPU
	EndGlobalSection
	GlobalSection(SolutionProperties) = preSolution
		HideSolutionNode = FALSE
	EndGlobalSection
	GlobalSection(ExtensibilityGlobals) = postSolution
		SolutionGuid = {51B2C9DA-5702-4E06-A117-D3FA261F2D84}
	EndGlobalSection
EndGlobal
