
Microsoft Visual Studio Solution File, Format Version 12.00
# Visual Studio Version 17
VisualStudioVersion = 17.2.32516.85
MinimumVisualStudioVersion = 10.0.40219.1
Project("{9A19103F-16F7-4668-BE54-9A1E7A4F7556}") = "XF1-Backend", "XF1-Backend.csproj", "{6A244E6C-57A2-46C7-84D1-5EE018ED725A}"
EndProject
Project("{9A19103F-16F7-4668-BE54-9A1E7A4F7556}") = "XF1-Backend-Unit-Testing", "..\XF1-Backend-Unit-Testing\XF1-Backend-Unit-Testing.csproj", "{4E7D0524-BF94-4423-97ED-77D60D0FE606}"
EndProject
Global
	GlobalSection(SolutionConfigurationPlatforms) = preSolution
		Debug|Any CPU = Debug|Any CPU
		Release|Any CPU = Release|Any CPU
	EndGlobalSection
	GlobalSection(ProjectConfigurationPlatforms) = postSolution
		{6A244E6C-57A2-46C7-84D1-5EE018ED725A}.Debug|Any CPU.ActiveCfg = Debug|Any CPU
		{6A244E6C-57A2-46C7-84D1-5EE018ED725A}.Debug|Any CPU.Build.0 = Debug|Any CPU
		{6A244E6C-57A2-46C7-84D1-5EE018ED725A}.Release|Any CPU.ActiveCfg = Release|Any CPU
		{6A244E6C-57A2-46C7-84D1-5EE018ED725A}.Release|Any CPU.Build.0 = Release|Any CPU
		{4E7D0524-BF94-4423-97ED-77D60D0FE606}.Debug|Any CPU.ActiveCfg = Debug|Any CPU
		{4E7D0524-BF94-4423-97ED-77D60D0FE606}.Debug|Any CPU.Build.0 = Debug|Any CPU
		{4E7D0524-BF94-4423-97ED-77D60D0FE606}.Release|Any CPU.ActiveCfg = Release|Any CPU
		{4E7D0524-BF94-4423-97ED-77D60D0FE606}.Release|Any CPU.Build.0 = Release|Any CPU
	EndGlobalSection
	GlobalSection(SolutionProperties) = preSolution
		HideSolutionNode = FALSE
	EndGlobalSection
	GlobalSection(ExtensibilityGlobals) = postSolution
		SolutionGuid = {51B2C9DA-5702-4E06-A117-D3FA261F2D84}
	EndGlobalSection
EndGlobal
